
Microsoft Visual Studio Solution File, Format Version 12.00
# Visual Studio 2017
Project("{FAE04EC0-301F-11D3-BF4B-00C04F79EFBC}") = "Review2-NET.Tests", "Review2-NET.Tests.csproj", "{D51D8348-EA45-4F6F-A1C7-0F49CE585DC5}"
EndProject
Global
	GlobalSection(SolutionConfigurationPlatforms) = preSolution
		Debug|Any CPU = Debug|Any CPU
		Release|Any CPU = Release|Any CPU
	EndGlobalSection
	GlobalSection(ProjectConfigurationPlatforms) = postSolution
		{D51D8348-EA45-4F6F-A1C7-0F49CE585DC5}.Debug|Any CPU.ActiveCfg = Debug|Any CPU
		{D51D8348-EA45-4F6F-A1C7-0F49CE585DC5}.Debug|Any CPU.Build.0 = Debug|Any CPU
		{D51D8348-EA45-4F6F-A1C7-0F49CE585DC5}.Release|Any CPU.ActiveCfg = Release|Any CPU
		{D51D8348-EA45-4F6F-A1C7-0F49CE585DC5}.Release|Any CPU.Build.0 = Release|Any CPU
	EndGlobalSection
	GlobalSection(MonoDevelopProperties) = preSolution
		BaseDirectory = .
		Policies = $0
		$0.DotNetNamingPolicy = $1
		$1.DirectoryNamespaceAssociation = PrefixedHierarchical
		$0.StandardHeader = $2
		$0.VersionControlPolicy = $3
	EndGlobalSection
EndGlobal
